
Microsoft Visual Studio Solution File, Format Version 12.00
# Visual Studio 15
Project("{FAE04EC0-301F-11D3-BF4B-00C04F79EFBC}") = "UnityEngine.UI", "UnityEngine.UI.csproj", "{D65F3C55-EEE6-2F60-69C0-72EEA4E8A1DB}"
EndProject
Project("{FAE04EC0-301F-11D3-BF4B-00C04F79EFBC}") = "UnityEngine.TestRunner", "UnityEngine.TestRunner.csproj", "{08BEA414-F7E5-89BF-98BA-5C48251B151D}"
EndProject
Project("{FAE04EC0-301F-11D3-BF4B-00C04F79EFBC}") = "Unity.Mathematics", "Unity.Mathematics.csproj", "{56E1E542-79B5-6462-513B-4BD4DCCB2EF8}"
EndProject
Project("{FAE04EC0-301F-11D3-BF4B-00C04F79EFBC}") = "Unity.InputSystem", "Unity.InputSystem.csproj", "{1CB1C8D2-C3AF-D843-C22A-89FBA70BFE9A}"
EndProject
Project("{FAE04EC0-301F-11D3-BF4B-00C04F79EFBC}") = "Unity.Timeline", "Unity.Timeline.csproj", "{515B33F9-F40C-83A4-4D0B-2A6BAD9AFD44}"
EndProject
Project("{FAE04EC0-301F-11D3-BF4B-00C04F79EFBC}") = "Unity.TextMeshPro", "Unity.TextMeshPro.csproj", "{294A01E2-EF01-9014-FBD7-C0C18FF11AB7}"
EndProject
Project("{FAE04EC0-301F-11D3-BF4B-00C04F79EFBC}") = "Unity.2D.Animation.Runtime", "Unity.2D.Animation.Runtime.csproj", "{CC1E262B-D252-A260-1AB2-0381B71E2871}"
EndProject
Project("{FAE04EC0-301F-11D3-BF4B-00C04F79EFBC}") = "Unity.2D.IK.Runtime", "Unity.2D.IK.Runtime.csproj", "{9E1BB04D-31E1-A950-6F99-C8E8015315C0}"
EndProject
Project("{FAE04EC0-301F-11D3-BF4B-00C04F79EFBC}") = "Assembly-CSharp", "Assembly-CSharp.csproj", "{F3D2FB01-D1C9-99D0-C464-F85BEF7D498F}"
EndProject
Project("{FAE04EC0-301F-11D3-BF4B-00C04F79EFBC}") = "Unity.2D.SpriteShape.Runtime", "Unity.2D.SpriteShape.Runtime.csproj", "{B86F23EF-99C8-10B8-E948-53906E25FA8A}"
EndProject
Project("{FAE04EC0-301F-11D3-BF4B-00C04F79EFBC}") = "Unity.2D.PixelPerfect", "Unity.2D.PixelPerfect.csproj", "{9B409202-5B8D-DF77-ECD0-354B10DFCAB0}"
EndProject
Project("{FAE04EC0-301F-11D3-BF4B-00C04F79EFBC}") = "Unity.InputSystem.TestFramework", "Unity.InputSystem.TestFramework.csproj", "{D98237AE-7589-7389-BFC9-F4C63744E509}"
EndProject
Project("{FAE04EC0-301F-11D3-BF4B-00C04F79EFBC}") = "Unity.2D.Common.Runtime", "Unity.2D.Common.Runtime.csproj", "{9AD7BAEB-AA1B-077F-0602-CBD2BCCF3D7A}"
EndProject
Project("{FAE04EC0-301F-11D3-BF4B-00C04F79EFBC}") = "Unity.InternalAPIEngineBridge.001", "Unity.InternalAPIEngineBridge.001.csproj", "{E81D60A0-785B-4D13-F83B-8FEB8860583A}"
EndProject
Project("{FAE04EC0-301F-11D3-BF4B-00C04F79EFBC}") = "Unity.Timeline.Editor", "Unity.Timeline.Editor.csproj", "{2D86BE02-C35E-A76F-C396-35272CEAB27C}"
EndProject
Project("{FAE04EC0-301F-11D3-BF4B-00C04F79EFBC}") = "Unity.TextMeshPro.Editor", "Unity.TextMeshPro.Editor.csproj", "{EB396ACB-47CC-6F7E-6DED-681AE77A4F7A}"
EndProject
Project("{FAE04EC0-301F-11D3-BF4B-00C04F79EFBC}") = "UnityEditor.TestRunner", "UnityEditor.TestRunner.csproj", "{4BF5F378-0824-5A2E-0F97-9B6984898836}"
EndProject
Project("{FAE04EC0-301F-11D3-BF4B-00C04F79EFBC}") = "Unity.PlasticSCM.Editor", "Unity.PlasticSCM.Editor.csproj", "{DDBE1F3F-1159-196D-3075-290C09B4B612}"
EndProject
Project("{FAE04EC0-301F-11D3-BF4B-00C04F79EFBC}") = "UnityEditor.UI", "UnityEditor.UI.csproj", "{EDA9BCD2-8314-482B-0471-D5F98EFCA504}"
EndProject
Project("{FAE04EC0-301F-11D3-BF4B-00C04F79EFBC}") = "Unity.VisualStudio.Editor", "Unity.VisualStudio.Editor.csproj", "{15A6718F-2C5A-90CB-C901-D91137F987D2}"
EndProject
Project("{FAE04EC0-301F-11D3-BF4B-00C04F79EFBC}") = "Unity.2D.Animation.Triangle.Editor", "Unity.2D.Animation.Triangle.Editor.csproj", "{06126B71-A246-D7C8-5C50-E3E98BA04F7C}"
EndProject
Project("{FAE04EC0-301F-11D3-BF4B-00C04F79EFBC}") = "Unity.2D.Psdimporter.Editor", "Unity.2D.Psdimporter.Editor.csproj", "{10B377B8-B0AE-16B7-A65E-3D8822E19C34}"
EndProject
Project("{FAE04EC0-301F-11D3-BF4B-00C04F79EFBC}") = "Unity.2D.Animation.Editor", "Unity.2D.Animation.Editor.csproj", "{DB2C6A7A-7A7E-2955-CD02-69724582FBA8}"
EndProject
Project("{FAE04EC0-301F-11D3-BF4B-00C04F79EFBC}") = "Unity.2D.SpriteShape.Editor", "Unity.2D.SpriteShape.Editor.csproj", "{7F7DC715-6732-DFBA-8E98-B2342FAEADF0}"
EndProject
Project("{FAE04EC0-301F-11D3-BF4B-00C04F79EFBC}") = "PsdPlugin", "PsdPlugin.csproj", "{92738AA7-094B-90CC-FE10-1D1487EAA86C}"
EndProject
Project("{FAE04EC0-301F-11D3-BF4B-00C04F79EFBC}") = "Unity.2D.Path.Editor", "Unity.2D.Path.Editor.csproj", "{24FC7FAA-0F91-91DE-7DEE-D08ED922C3E9}"
EndProject
Project("{FAE04EC0-301F-11D3-BF4B-00C04F79EFBC}") = "Unity.Rider.Editor", "Unity.Rider.Editor.csproj", "{2C721BF0-BCB0-0AAB-D0B2-1FC295BC4439}"
EndProject
Project("{FAE04EC0-301F-11D3-BF4B-00C04F79EFBC}") = "Unity.2D.IK.Editor", "Unity.2D.IK.Editor.csproj", "{3BDB488C-855F-7F6E-DE8A-EC74D8537994}"
EndProject
Project("{FAE04EC0-301F-11D3-BF4B-00C04F79EFBC}") = "Unity.2D.Sprite.Editor", "Unity.2D.Sprite.Editor.csproj", "{976497F6-35F4-BF8F-1FA0-E36970C5F3B2}"
EndProject
Project("{FAE04EC0-301F-11D3-BF4B-00C04F79EFBC}") = "Unity.2D.Tilemap.Editor", "Unity.2D.Tilemap.Editor.csproj", "{1ED52F2D-BC52-3799-A7CB-60715004071D}"
EndProject
Project("{FAE04EC0-301F-11D3-BF4B-00C04F79EFBC}") = "Unity.2D.PixelPerfect.Editor", "Unity.2D.PixelPerfect.Editor.csproj", "{94A9BDF7-5519-37E4-7C97-702626093E90}"
EndProject
Project("{FAE04EC0-301F-11D3-BF4B-00C04F79EFBC}") = "Unity.VSCode.Editor", "Unity.VSCode.Editor.csproj", "{8B50D5ED-6C0B-01A2-B258-7E6F9F126469}"
EndProject
Project("{FAE04EC0-301F-11D3-BF4B-00C04F79EFBC}") = "Unity.2D.Common.Editor", "Unity.2D.Common.Editor.csproj", "{AE25813E-7419-3939-91F5-16CD558481B5}"
EndProject
Project("{FAE04EC0-301F-11D3-BF4B-00C04F79EFBC}") = "Unity.Mathematics.Editor", "Unity.Mathematics.Editor.csproj", "{3AC57039-4E51-D165-ACEF-CB13E93D97DF}"
EndProject
Project("{FAE04EC0-301F-11D3-BF4B-00C04F79EFBC}") = "Unity.CollabProxy.Editor", "Unity.CollabProxy.Editor.csproj", "{A491633A-F14A-F3DF-02B1-C3D3F2FC9304}"
EndProject
Project("{FAE04EC0-301F-11D3-BF4B-00C04F79EFBC}") = "Unity.InternalAPIEditorBridge.001", "Unity.InternalAPIEditorBridge.001.csproj", "{2E0FB4E9-B8A7-1D31-5363-7B1A719B8A50}"
EndProject
Project("{FAE04EC0-301F-11D3-BF4B-00C04F79EFBC}") = "UnityEngine.UI", "UnityEngine.UI.Player.csproj", "{12D6BBA3-878A-DDDE-2482-A99DF79C3BC6}"
EndProject
Project("{FAE04EC0-301F-11D3-BF4B-00C04F79EFBC}") = "UnityEngine.TestRunner", "UnityEngine.TestRunner.Player.csproj", "{AB6EB0A7-0DD6-DBB8-AA83-7015CA78F585}"
EndProject
Project("{FAE04EC0-301F-11D3-BF4B-00C04F79EFBC}") = "Unity.Mathematics", "Unity.Mathematics.Player.csproj", "{23232BC7-91AF-5E51-6ED4-D88356B8EA60}"
EndProject
Project("{FAE04EC0-301F-11D3-BF4B-00C04F79EFBC}") = "Unity.InputSystem", "Unity.InputSystem.Player.csproj", "{43D4A11C-C116-2DE3-DECA-3424FF123BBB}"
EndProject
Project("{FAE04EC0-301F-11D3-BF4B-00C04F79EFBC}") = "Unity.Timeline", "Unity.Timeline.Player.csproj", "{91D291D6-10AE-10C1-2EED-87EF68B4CE51}"
EndProject
Project("{FAE04EC0-301F-11D3-BF4B-00C04F79EFBC}") = "Unity.TextMeshPro", "Unity.TextMeshPro.Player.csproj", "{5322969C-3845-2074-91B5-4900939B4180}"
EndProject
Project("{FAE04EC0-301F-11D3-BF4B-00C04F79EFBC}") = "Unity.2D.Animation.Runtime", "Unity.2D.Animation.Runtime.Player.csproj", "{4F71AD28-4123-5C60-5EA6-C68871B1CA36}"
EndProject
Project("{FAE04EC0-301F-11D3-BF4B-00C04F79EFBC}") = "Unity.2D.IK.Runtime", "Unity.2D.IK.Runtime.Player.csproj", "{48D30D3F-C7ED-7F31-255A-84D69EE9CB46}"
EndProject
Project("{FAE04EC0-301F-11D3-BF4B-00C04F79EFBC}") = "Assembly-CSharp", "Assembly-CSharp.Player.csproj", "{2DD7BB74-C2D4-6F63-EB06-166C180D073F}"
EndProject
Project("{FAE04EC0-301F-11D3-BF4B-00C04F79EFBC}") = "Unity.2D.SpriteShape.Runtime", "Unity.2D.SpriteShape.Runtime.Player.csproj", "{6BC7365D-ABCD-278D-B42A-A0C6B51C9024}"
EndProject
Project("{FAE04EC0-301F-11D3-BF4B-00C04F79EFBC}") = "Unity.2D.PixelPerfect", "Unity.2D.PixelPerfect.Player.csproj", "{2053AC64-50BA-6E87-1FE9-F4D8E1440FCF}"
EndProject
Project("{FAE04EC0-301F-11D3-BF4B-00C04F79EFBC}") = "Unity.InputSystem.TestFramework", "Unity.InputSystem.TestFramework.Player.csproj", "{4005114D-FA2F-5E34-250B-5134713599AB}"
EndProject
Project("{FAE04EC0-301F-11D3-BF4B-00C04F79EFBC}") = "Unity.2D.Common.Runtime", "Unity.2D.Common.Runtime.Player.csproj", "{C91F9E90-B7D3-0F71-EF6A-DD8DBE61CA84}"
EndProject
Project("{FAE04EC0-301F-11D3-BF4B-00C04F79EFBC}") = "Unity.InternalAPIEngineBridge.001", "Unity.InternalAPIEngineBridge.001.Player.csproj", "{83D57D18-B63A-8CAE-1432-2CE904C49225}"
EndProject
Global
	GlobalSection(SolutionConfigurationPlatforms) = preSolution
		Debug|Any CPU = Debug|Any CPU
		Release|Any CPU = Release|Any CPU
	EndGlobalSection
	GlobalSection(ProjectConfigurationPlatforms) = postSolution
		{D65F3C55-EEE6-2F60-69C0-72EEA4E8A1DB}.Debug|Any CPU.ActiveCfg = Debug|Any CPU
		{D65F3C55-EEE6-2F60-69C0-72EEA4E8A1DB}.Debug|Any CPU.Build.0 = Debug|Any CPU
		{D65F3C55-EEE6-2F60-69C0-72EEA4E8A1DB}.Release|Any CPU.ActiveCfg = Release|Any CPU
		{D65F3C55-EEE6-2F60-69C0-72EEA4E8A1DB}.Release|Any CPU.Build.0 = Release|Any CPU
		{08BEA414-F7E5-89BF-98BA-5C48251B151D}.Debug|Any CPU.ActiveCfg = Debug|Any CPU
		{08BEA414-F7E5-89BF-98BA-5C48251B151D}.Debug|Any CPU.Build.0 = Debug|Any CPU
		{08BEA414-F7E5-89BF-98BA-5C48251B151D}.Release|Any CPU.ActiveCfg = Release|Any CPU
		{08BEA414-F7E5-89BF-98BA-5C48251B151D}.Release|Any CPU.Build.0 = Release|Any CPU
		{56E1E542-79B5-6462-513B-4BD4DCCB2EF8}.Debug|Any CPU.ActiveCfg = Debug|Any CPU
		{56E1E542-79B5-6462-513B-4BD4DCCB2EF8}.Debug|Any CPU.Build.0 = Debug|Any CPU
		{56E1E542-79B5-6462-513B-4BD4DCCB2EF8}.Release|Any CPU.ActiveCfg = Release|Any CPU
		{56E1E542-79B5-6462-513B-4BD4DCCB2EF8}.Release|Any CPU.Build.0 = Release|Any CPU
		{1CB1C8D2-C3AF-D843-C22A-89FBA70BFE9A}.Debug|Any CPU.ActiveCfg = Debug|Any CPU
		{1CB1C8D2-C3AF-D843-C22A-89FBA70BFE9A}.Debug|Any CPU.Build.0 = Debug|Any CPU
		{1CB1C8D2-C3AF-D843-C22A-89FBA70BFE9A}.Release|Any CPU.ActiveCfg = Release|Any CPU
		{1CB1C8D2-C3AF-D843-C22A-89FBA70BFE9A}.Release|Any CPU.Build.0 = Release|Any CPU
		{515B33F9-F40C-83A4-4D0B-2A6BAD9AFD44}.Debug|Any CPU.ActiveCfg = Debug|Any CPU
		{515B33F9-F40C-83A4-4D0B-2A6BAD9AFD44}.Debug|Any CPU.Build.0 = Debug|Any CPU
		{515B33F9-F40C-83A4-4D0B-2A6BAD9AFD44}.Release|Any CPU.ActiveCfg = Release|Any CPU
		{515B33F9-F40C-83A4-4D0B-2A6BAD9AFD44}.Release|Any CPU.Build.0 = Release|Any CPU
		{294A01E2-EF01-9014-FBD7-C0C18FF11AB7}.Debug|Any CPU.ActiveCfg = Debug|Any CPU
		{294A01E2-EF01-9014-FBD7-C0C18FF11AB7}.Debug|Any CPU.Build.0 = Debug|Any CPU
		{294A01E2-EF01-9014-FBD7-C0C18FF11AB7}.Release|Any CPU.ActiveCfg = Release|Any CPU
		{294A01E2-EF01-9014-FBD7-C0C18FF11AB7}.Release|Any CPU.Build.0 = Release|Any CPU
		{CC1E262B-D252-A260-1AB2-0381B71E2871}.Debug|Any CPU.ActiveCfg = Debug|Any CPU
		{CC1E262B-D252-A260-1AB2-0381B71E2871}.Debug|Any CPU.Build.0 = Debug|Any CPU
		{CC1E262B-D252-A260-1AB2-0381B71E2871}.Release|Any CPU.ActiveCfg = Release|Any CPU
		{CC1E262B-D252-A260-1AB2-0381B71E2871}.Release|Any CPU.Build.0 = Release|Any CPU
		{9E1BB04D-31E1-A950-6F99-C8E8015315C0}.Debug|Any CPU.ActiveCfg = Debug|Any CPU
		{9E1BB04D-31E1-A950-6F99-C8E8015315C0}.Debug|Any CPU.Build.0 = Debug|Any CPU
		{9E1BB04D-31E1-A950-6F99-C8E8015315C0}.Release|Any CPU.ActiveCfg = Release|Any CPU
		{9E1BB04D-31E1-A950-6F99-C8E8015315C0}.Release|Any CPU.Build.0 = Release|Any CPU
		{F3D2FB01-D1C9-99D0-C464-F85BEF7D498F}.Debug|Any CPU.ActiveCfg = Debug|Any CPU
		{F3D2FB01-D1C9-99D0-C464-F85BEF7D498F}.Debug|Any CPU.Build.0 = Debug|Any CPU
		{F3D2FB01-D1C9-99D0-C464-F85BEF7D498F}.Release|Any CPU.ActiveCfg = Release|Any CPU
		{F3D2FB01-D1C9-99D0-C464-F85BEF7D498F}.Release|Any CPU.Build.0 = Release|Any CPU
		{B86F23EF-99C8-10B8-E948-53906E25FA8A}.Debug|Any CPU.ActiveCfg = Debug|Any CPU
		{B86F23EF-99C8-10B8-E948-53906E25FA8A}.Debug|Any CPU.Build.0 = Debug|Any CPU
		{B86F23EF-99C8-10B8-E948-53906E25FA8A}.Release|Any CPU.ActiveCfg = Release|Any CPU
		{B86F23EF-99C8-10B8-E948-53906E25FA8A}.Release|Any CPU.Build.0 = Release|Any CPU
		{9B409202-5B8D-DF77-ECD0-354B10DFCAB0}.Debug|Any CPU.ActiveCfg = Debug|Any CPU
		{9B409202-5B8D-DF77-ECD0-354B10DFCAB0}.Debug|Any CPU.Build.0 = Debug|Any CPU
		{9B409202-5B8D-DF77-ECD0-354B10DFCAB0}.Release|Any CPU.ActiveCfg = Release|Any CPU
		{9B409202-5B8D-DF77-ECD0-354B10DFCAB0}.Release|Any CPU.Build.0 = Release|Any CPU
		{D98237AE-7589-7389-BFC9-F4C63744E509}.Debug|Any CPU.ActiveCfg = Debug|Any CPU
		{D98237AE-7589-7389-BFC9-F4C63744E509}.Debug|Any CPU.Build.0 = Debug|Any CPU
		{D98237AE-7589-7389-BFC9-F4C63744E509}.Release|Any CPU.ActiveCfg = Release|Any CPU
		{D98237AE-7589-7389-BFC9-F4C63744E509}.Release|Any CPU.Build.0 = Release|Any CPU
		{9AD7BAEB-AA1B-077F-0602-CBD2BCCF3D7A}.Debug|Any CPU.ActiveCfg = Debug|Any CPU
		{9AD7BAEB-AA1B-077F-0602-CBD2BCCF3D7A}.Debug|Any CPU.Build.0 = Debug|Any CPU
		{9AD7BAEB-AA1B-077F-0602-CBD2BCCF3D7A}.Release|Any CPU.ActiveCfg = Release|Any CPU
		{9AD7BAEB-AA1B-077F-0602-CBD2BCCF3D7A}.Release|Any CPU.Build.0 = Release|Any CPU
		{E81D60A0-785B-4D13-F83B-8FEB8860583A}.Debug|Any CPU.ActiveCfg = Debug|Any CPU
		{E81D60A0-785B-4D13-F83B-8FEB8860583A}.Debug|Any CPU.Build.0 = Debug|Any CPU
		{E81D60A0-785B-4D13-F83B-8FEB8860583A}.Release|Any CPU.ActiveCfg = Release|Any CPU
		{E81D60A0-785B-4D13-F83B-8FEB8860583A}.Release|Any CPU.Build.0 = Release|Any CPU
		{2D86BE02-C35E-A76F-C396-35272CEAB27C}.Debug|Any CPU.ActiveCfg = Debug|Any CPU
		{2D86BE02-C35E-A76F-C396-35272CEAB27C}.Debug|Any CPU.Build.0 = Debug|Any CPU
		{2D86BE02-C35E-A76F-C396-35272CEAB27C}.Release|Any CPU.ActiveCfg = Release|Any CPU
		{2D86BE02-C35E-A76F-C396-35272CEAB27C}.Release|Any CPU.Build.0 = Release|Any CPU
		{EB396ACB-47CC-6F7E-6DED-681AE77A4F7A}.Debug|Any CPU.ActiveCfg = Debug|Any CPU
		{EB396ACB-47CC-6F7E-6DED-681AE77A4F7A}.Debug|Any CPU.Build.0 = Debug|Any CPU
		{EB396ACB-47CC-6F7E-6DED-681AE77A4F7A}.Release|Any CPU.ActiveCfg = Release|Any CPU
		{EB396ACB-47CC-6F7E-6DED-681AE77A4F7A}.Release|Any CPU.Build.0 = Release|Any CPU
		{4BF5F378-0824-5A2E-0F97-9B6984898836}.Debug|Any CPU.ActiveCfg = Debug|Any CPU
		{4BF5F378-0824-5A2E-0F97-9B6984898836}.Debug|Any CPU.Build.0 = Debug|Any CPU
		{4BF5F378-0824-5A2E-0F97-9B6984898836}.Release|Any CPU.ActiveCfg = Release|Any CPU
		{4BF5F378-0824-5A2E-0F97-9B6984898836}.Release|Any CPU.Build.0 = Release|Any CPU
		{DDBE1F3F-1159-196D-3075-290C09B4B612}.Debug|Any CPU.ActiveCfg = Debug|Any CPU
		{DDBE1F3F-1159-196D-3075-290C09B4B612}.Debug|Any CPU.Build.0 = Debug|Any CPU
		{DDBE1F3F-1159-196D-3075-290C09B4B612}.Release|Any CPU.ActiveCfg = Release|Any CPU
		{DDBE1F3F-1159-196D-3075-290C09B4B612}.Release|Any CPU.Build.0 = Release|Any CPU
		{EDA9BCD2-8314-482B-0471-D5F98EFCA504}.Debug|Any CPU.ActiveCfg = Debug|Any CPU
		{EDA9BCD2-8314-482B-0471-D5F98EFCA504}.Debug|Any CPU.Build.0 = Debug|Any CPU
		{EDA9BCD2-8314-482B-0471-D5F98EFCA504}.Release|Any CPU.ActiveCfg = Release|Any CPU
		{EDA9BCD2-8314-482B-0471-D5F98EFCA504}.Release|Any CPU.Build.0 = Release|Any CPU
		{15A6718F-2C5A-90CB-C901-D91137F987D2}.Debug|Any CPU.ActiveCfg = Debug|Any CPU
		{15A6718F-2C5A-90CB-C901-D91137F987D2}.Debug|Any CPU.Build.0 = Debug|Any CPU
		{15A6718F-2C5A-90CB-C901-D91137F987D2}.Release|Any CPU.ActiveCfg = Release|Any CPU
		{15A6718F-2C5A-90CB-C901-D91137F987D2}.Release|Any CPU.Build.0 = Release|Any CPU
		{06126B71-A246-D7C8-5C50-E3E98BA04F7C}.Debug|Any CPU.ActiveCfg = Debug|Any CPU
		{06126B71-A246-D7C8-5C50-E3E98BA04F7C}.Debug|Any CPU.Build.0 = Debug|Any CPU
		{06126B71-A246-D7C8-5C50-E3E98BA04F7C}.Release|Any CPU.ActiveCfg = Release|Any CPU
		{06126B71-A246-D7C8-5C50-E3E98BA04F7C}.Release|Any CPU.Build.0 = Release|Any CPU
		{10B377B8-B0AE-16B7-A65E-3D8822E19C34}.Debug|Any CPU.ActiveCfg = Debug|Any CPU
		{10B377B8-B0AE-16B7-A65E-3D8822E19C34}.Debug|Any CPU.Build.0 = Debug|Any CPU
		{10B377B8-B0AE-16B7-A65E-3D8822E19C34}.Release|Any CPU.ActiveCfg = Release|Any CPU
		{10B377B8-B0AE-16B7-A65E-3D8822E19C34}.Release|Any CPU.Build.0 = Release|Any CPU
		{DB2C6A7A-7A7E-2955-CD02-69724582FBA8}.Debug|Any CPU.ActiveCfg = Debug|Any CPU
		{DB2C6A7A-7A7E-2955-CD02-69724582FBA8}.Debug|Any CPU.Build.0 = Debug|Any CPU
		{DB2C6A7A-7A7E-2955-CD02-69724582FBA8}.Release|Any CPU.ActiveCfg = Release|Any CPU
		{DB2C6A7A-7A7E-2955-CD02-69724582FBA8}.Release|Any CPU.Build.0 = Release|Any CPU
		{7F7DC715-6732-DFBA-8E98-B2342FAEADF0}.Debug|Any CPU.ActiveCfg = Debug|Any CPU
		{7F7DC715-6732-DFBA-8E98-B2342FAEADF0}.Debug|Any CPU.Build.0 = Debug|Any CPU
		{7F7DC715-6732-DFBA-8E98-B2342FAEADF0}.Release|Any CPU.ActiveCfg = Release|Any CPU
		{7F7DC715-6732-DFBA-8E98-B2342FAEADF0}.Release|Any CPU.Build.0 = Release|Any CPU
		{92738AA7-094B-90CC-FE10-1D1487EAA86C}.Debug|Any CPU.ActiveCfg = Debug|Any CPU
		{92738AA7-094B-90CC-FE10-1D1487EAA86C}.Debug|Any CPU.Build.0 = Debug|Any CPU
		{92738AA7-094B-90CC-FE10-1D1487EAA86C}.Release|Any CPU.ActiveCfg = Release|Any CPU
		{92738AA7-094B-90CC-FE10-1D1487EAA86C}.Release|Any CPU.Build.0 = Release|Any CPU
		{24FC7FAA-0F91-91DE-7DEE-D08ED922C3E9}.Debug|Any CPU.ActiveCfg = Debug|Any CPU
		{24FC7FAA-0F91-91DE-7DEE-D08ED922C3E9}.Debug|Any CPU.Build.0 = Debug|Any CPU
		{24FC7FAA-0F91-91DE-7DEE-D08ED922C3E9}.Release|Any CPU.ActiveCfg = Release|Any CPU
		{24FC7FAA-0F91-91DE-7DEE-D08ED922C3E9}.Release|Any CPU.Build.0 = Release|Any CPU
		{2C721BF0-BCB0-0AAB-D0B2-1FC295BC4439}.Debug|Any CPU.ActiveCfg = Debug|Any CPU
		{2C721BF0-BCB0-0AAB-D0B2-1FC295BC4439}.Debug|Any CPU.Build.0 = Debug|Any CPU
		{2C721BF0-BCB0-0AAB-D0B2-1FC295BC4439}.Release|Any CPU.ActiveCfg = Release|Any CPU
		{2C721BF0-BCB0-0AAB-D0B2-1FC295BC4439}.Release|Any CPU.Build.0 = Release|Any CPU
		{3BDB488C-855F-7F6E-DE8A-EC74D8537994}.Debug|Any CPU.ActiveCfg = Debug|Any CPU
		{3BDB488C-855F-7F6E-DE8A-EC74D8537994}.Debug|Any CPU.Build.0 = Debug|Any CPU
		{3BDB488C-855F-7F6E-DE8A-EC74D8537994}.Release|Any CPU.ActiveCfg = Release|Any CPU
		{3BDB488C-855F-7F6E-DE8A-EC74D8537994}.Release|Any CPU.Build.0 = Release|Any CPU
		{976497F6-35F4-BF8F-1FA0-E36970C5F3B2}.Debug|Any CPU.ActiveCfg = Debug|Any CPU
		{976497F6-35F4-BF8F-1FA0-E36970C5F3B2}.Debug|Any CPU.Build.0 = Debug|Any CPU
		{976497F6-35F4-BF8F-1FA0-E36970C5F3B2}.Release|Any CPU.ActiveCfg = Release|Any CPU
		{976497F6-35F4-BF8F-1FA0-E36970C5F3B2}.Release|Any CPU.Build.0 = Release|Any CPU
		{1ED52F2D-BC52-3799-A7CB-60715004071D}.Debug|Any CPU.ActiveCfg = Debug|Any CPU
		{1ED52F2D-BC52-3799-A7CB-60715004071D}.Debug|Any CPU.Build.0 = Debug|Any CPU
		{1ED52F2D-BC52-3799-A7CB-60715004071D}.Release|Any CPU.ActiveCfg = Release|Any CPU
		{1ED52F2D-BC52-3799-A7CB-60715004071D}.Release|Any CPU.Build.0 = Release|Any CPU
		{94A9BDF7-5519-37E4-7C97-702626093E90}.Debug|Any CPU.ActiveCfg = Debug|Any CPU
		{94A9BDF7-5519-37E4-7C97-702626093E90}.Debug|Any CPU.Build.0 = Debug|Any CPU
		{94A9BDF7-5519-37E4-7C97-702626093E90}.Release|Any CPU.ActiveCfg = Release|Any CPU
		{94A9BDF7-5519-37E4-7C97-702626093E90}.Release|Any CPU.Build.0 = Release|Any CPU
		{8B50D5ED-6C0B-01A2-B258-7E6F9F126469}.Debug|Any CPU.ActiveCfg = Debug|Any CPU
		{8B50D5ED-6C0B-01A2-B258-7E6F9F126469}.Debug|Any CPU.Build.0 = Debug|Any CPU
		{8B50D5ED-6C0B-01A2-B258-7E6F9F126469}.Release|Any CPU.ActiveCfg = Release|Any CPU
		{8B50D5ED-6C0B-01A2-B258-7E6F9F126469}.Release|Any CPU.Build.0 = Release|Any CPU
		{AE25813E-7419-3939-91F5-16CD558481B5}.Debug|Any CPU.ActiveCfg = Debug|Any CPU
		{AE25813E-7419-3939-91F5-16CD558481B5}.Debug|Any CPU.Build.0 = Debug|Any CPU
		{AE25813E-7419-3939-91F5-16CD558481B5}.Release|Any CPU.ActiveCfg = Release|Any CPU
		{AE25813E-7419-3939-91F5-16CD558481B5}.Release|Any CPU.Build.0 = Release|Any CPU
		{3AC57039-4E51-D165-ACEF-CB13E93D97DF}.Debug|Any CPU.ActiveCfg = Debug|Any CPU
		{3AC57039-4E51-D165-ACEF-CB13E93D97DF}.Debug|Any CPU.Build.0 = Debug|Any CPU
		{3AC57039-4E51-D165-ACEF-CB13E93D97DF}.Release|Any CPU.ActiveCfg = Release|Any CPU
		{3AC57039-4E51-D165-ACEF-CB13E93D97DF}.Release|Any CPU.Build.0 = Release|Any CPU
		{A491633A-F14A-F3DF-02B1-C3D3F2FC9304}.Debug|Any CPU.ActiveCfg = Debug|Any CPU
		{A491633A-F14A-F3DF-02B1-C3D3F2FC9304}.Debug|Any CPU.Build.0 = Debug|Any CPU
		{A491633A-F14A-F3DF-02B1-C3D3F2FC9304}.Release|Any CPU.ActiveCfg = Release|Any CPU
		{A491633A-F14A-F3DF-02B1-C3D3F2FC9304}.Release|Any CPU.Build.0 = Release|Any CPU
		{2E0FB4E9-B8A7-1D31-5363-7B1A719B8A50}.Debug|Any CPU.ActiveCfg = Debug|Any CPU
		{2E0FB4E9-B8A7-1D31-5363-7B1A719B8A50}.Debug|Any CPU.Build.0 = Debug|Any CPU
		{2E0FB4E9-B8A7-1D31-5363-7B1A719B8A50}.Release|Any CPU.ActiveCfg = Release|Any CPU
		{2E0FB4E9-B8A7-1D31-5363-7B1A719B8A50}.Release|Any CPU.Build.0 = Release|Any CPU
		{12D6BBA3-878A-DDDE-2482-A99DF79C3BC6}.Debug|Any CPU.ActiveCfg = Debug|Any CPU
		{12D6BBA3-878A-DDDE-2482-A99DF79C3BC6}.Debug|Any CPU.Build.0 = Debug|Any CPU
		{12D6BBA3-878A-DDDE-2482-A99DF79C3BC6}.Release|Any CPU.ActiveCfg = Release|Any CPU
		{12D6BBA3-878A-DDDE-2482-A99DF79C3BC6}.Release|Any CPU.Build.0 = Release|Any CPU
		{AB6EB0A7-0DD6-DBB8-AA83-7015CA78F585}.Debug|Any CPU.ActiveCfg = Debug|Any CPU
		{AB6EB0A7-0DD6-DBB8-AA83-7015CA78F585}.Debug|Any CPU.Build.0 = Debug|Any CPU
		{AB6EB0A7-0DD6-DBB8-AA83-7015CA78F585}.Release|Any CPU.ActiveCfg = Release|Any CPU
		{AB6EB0A7-0DD6-DBB8-AA83-7015CA78F585}.Release|Any CPU.Build.0 = Release|Any CPU
		{23232BC7-91AF-5E51-6ED4-D88356B8EA60}.Debug|Any CPU.ActiveCfg = Debug|Any CPU
		{23232BC7-91AF-5E51-6ED4-D88356B8EA60}.Debug|Any CPU.Build.0 = Debug|Any CPU
		{23232BC7-91AF-5E51-6ED4-D88356B8EA60}.Release|Any CPU.ActiveCfg = Release|Any CPU
		{23232BC7-91AF-5E51-6ED4-D88356B8EA60}.Release|Any CPU.Build.0 = Release|Any CPU
		{43D4A11C-C116-2DE3-DECA-3424FF123BBB}.Debug|Any CPU.ActiveCfg = Debug|Any CPU
		{43D4A11C-C116-2DE3-DECA-3424FF123BBB}.Debug|Any CPU.Build.0 = Debug|Any CPU
		{43D4A11C-C116-2DE3-DECA-3424FF123BBB}.Release|Any CPU.ActiveCfg = Release|Any CPU
		{43D4A11C-C116-2DE3-DECA-3424FF123BBB}.Release|Any CPU.Build.0 = Release|Any CPU
		{91D291D6-10AE-10C1-2EED-87EF68B4CE51}.Debug|Any CPU.ActiveCfg = Debug|Any CPU
		{91D291D6-10AE-10C1-2EED-87EF68B4CE51}.Debug|Any CPU.Build.0 = Debug|Any CPU
		{91D291D6-10AE-10C1-2EED-87EF68B4CE51}.Release|Any CPU.ActiveCfg = Release|Any CPU
		{91D291D6-10AE-10C1-2EED-87EF68B4CE51}.Release|Any CPU.Build.0 = Release|Any CPU
		{5322969C-3845-2074-91B5-4900939B4180}.Debug|Any CPU.ActiveCfg = Debug|Any CPU
		{5322969C-3845-2074-91B5-4900939B4180}.Debug|Any CPU.Build.0 = Debug|Any CPU
		{5322969C-3845-2074-91B5-4900939B4180}.Release|Any CPU.ActiveCfg = Release|Any CPU
		{5322969C-3845-2074-91B5-4900939B4180}.Release|Any CPU.Build.0 = Release|Any CPU
		{4F71AD28-4123-5C60-5EA6-C68871B1CA36}.Debug|Any CPU.ActiveCfg = Debug|Any CPU
		{4F71AD28-4123-5C60-5EA6-C68871B1CA36}.Debug|Any CPU.Build.0 = Debug|Any CPU
		{4F71AD28-4123-5C60-5EA6-C68871B1CA36}.Release|Any CPU.ActiveCfg = Release|Any CPU
		{4F71AD28-4123-5C60-5EA6-C68871B1CA36}.Release|Any CPU.Build.0 = Release|Any CPU
		{48D30D3F-C7ED-7F31-255A-84D69EE9CB46}.Debug|Any CPU.ActiveCfg = Debug|Any CPU
		{48D30D3F-C7ED-7F31-255A-84D69EE9CB46}.Debug|Any CPU.Build.0 = Debug|Any CPU
		{48D30D3F-C7ED-7F31-255A-84D69EE9CB46}.Release|Any CPU.ActiveCfg = Release|Any CPU
		{48D30D3F-C7ED-7F31-255A-84D69EE9CB46}.Release|Any CPU.Build.0 = Release|Any CPU
		{2DD7BB74-C2D4-6F63-EB06-166C180D073F}.Debug|Any CPU.ActiveCfg = Debug|Any CPU
		{2DD7BB74-C2D4-6F63-EB06-166C180D073F}.Debug|Any CPU.Build.0 = Debug|Any CPU
		{2DD7BB74-C2D4-6F63-EB06-166C180D073F}.Release|Any CPU.ActiveCfg = Release|Any CPU
		{2DD7BB74-C2D4-6F63-EB06-166C180D073F}.Release|Any CPU.Build.0 = Release|Any CPU
		{6BC7365D-ABCD-278D-B42A-A0C6B51C9024}.Debug|Any CPU.ActiveCfg = Debug|Any CPU
		{6BC7365D-ABCD-278D-B42A-A0C6B51C9024}.Debug|Any CPU.Build.0 = Debug|Any CPU
		{6BC7365D-ABCD-278D-B42A-A0C6B51C9024}.Release|Any CPU.ActiveCfg = Release|Any CPU
		{6BC7365D-ABCD-278D-B42A-A0C6B51C9024}.Release|Any CPU.Build.0 = Release|Any CPU
		{2053AC64-50BA-6E87-1FE9-F4D8E1440FCF}.Debug|Any CPU.ActiveCfg = Debug|Any CPU
		{2053AC64-50BA-6E87-1FE9-F4D8E1440FCF}.Debug|Any CPU.Build.0 = Debug|Any CPU
		{2053AC64-50BA-6E87-1FE9-F4D8E1440FCF}.Release|Any CPU.ActiveCfg = Release|Any CPU
		{2053AC64-50BA-6E87-1FE9-F4D8E1440FCF}.Release|Any CPU.Build.0 = Release|Any CPU
		{4005114D-FA2F-5E34-250B-5134713599AB}.Debug|Any CPU.ActiveCfg = Debug|Any CPU
		{4005114D-FA2F-5E34-250B-5134713599AB}.Debug|Any CPU.Build.0 = Debug|Any CPU
		{4005114D-FA2F-5E34-250B-5134713599AB}.Release|Any CPU.ActiveCfg = Release|Any CPU
		{4005114D-FA2F-5E34-250B-5134713599AB}.Release|Any CPU.Build.0 = Release|Any CPU
		{C91F9E90-B7D3-0F71-EF6A-DD8DBE61CA84}.Debug|Any CPU.ActiveCfg = Debug|Any CPU
		{C91F9E90-B7D3-0F71-EF6A-DD8DBE61CA84}.Debug|Any CPU.Build.0 = Debug|Any CPU
		{C91F9E90-B7D3-0F71-EF6A-DD8DBE61CA84}.Release|Any CPU.ActiveCfg = Release|Any CPU
		{C91F9E90-B7D3-0F71-EF6A-DD8DBE61CA84}.Release|Any CPU.Build.0 = Release|Any CPU
		{83D57D18-B63A-8CAE-1432-2CE904C49225}.Debug|Any CPU.ActiveCfg = Debug|Any CPU
		{83D57D18-B63A-8CAE-1432-2CE904C49225}.Debug|Any CPU.Build.0 = Debug|Any CPU
		{83D57D18-B63A-8CAE-1432-2CE904C49225}.Release|Any CPU.ActiveCfg = Release|Any CPU
		{83D57D18-B63A-8CAE-1432-2CE904C49225}.Release|Any CPU.Build.0 = Release|Any CPU
	EndGlobalSection
	GlobalSection(SolutionProperties) = preSolution
		HideSolutionNode = FALSE
	EndGlobalSection
EndGlobal
